// !$*UTF8*$!
{
	archiveVersion = 1;
	classes = {
	};
	objectVersion = 50;
	objects = {

/* Begin PBXBuildFile section */
		07089155225948610026D47C /* TitleCollectionViewCell.swift in Sources */ = {isa = PBXBuildFile; fileRef = 07089154225948610026D47C /* TitleCollectionViewCell.swift */; };
		07089157225948800026D47C /* TagCollectionViewCell.swift in Sources */ = {isa = PBXBuildFile; fileRef = 07089156225948800026D47C /* TagCollectionViewCell.swift */; };
		07089159225948A60026D47C /* ContentCollectionViewCell.swift in Sources */ = {isa = PBXBuildFile; fileRef = 07089158225948A60026D47C /* ContentCollectionViewCell.swift */; };
		0708915B225948DD0026D47C /* WordCollectionViewCell.swift in Sources */ = {isa = PBXBuildFile; fileRef = 0708915A225948DD0026D47C /* WordCollectionViewCell.swift */; };
		0708915D22596A860026D47C /* UICollectionViewLeftAlignedLayout.swift in Sources */ = {isa = PBXBuildFile; fileRef = 0708915C22596A860026D47C /* UICollectionViewLeftAlignedLayout.swift */; };
		075C6B18224F92C90017E79D /* AppDelegate.swift in Sources */ = {isa = PBXBuildFile; fileRef = 075C6B17224F92C90017E79D /* AppDelegate.swift */; };
		075C6B1D224F92C90017E79D /* Main.storyboard in Resources */ = {isa = PBXBuildFile; fileRef = 075C6B1B224F92C90017E79D /* Main.storyboard */; };
		075C6B1F224F92CB0017E79D /* Assets.xcassets in Resources */ = {isa = PBXBuildFile; fileRef = 075C6B1E224F92CB0017E79D /* Assets.xcassets */; };
		075C6B22224F92CB0017E79D /* LaunchScreen.storyboard in Resources */ = {isa = PBXBuildFile; fileRef = 075C6B20224F92CB0017E79D /* LaunchScreen.storyboard */; };
		075C6B2A224F93FA0017E79D /* ArticlesListViewController.swift in Sources */ = {isa = PBXBuildFile; fileRef = 075C6B29224F93FA0017E79D /* ArticlesListViewController.swift */; };
		075C6B30224F991E0017E79D /* ArticleViewController.swift in Sources */ = {isa = PBXBuildFile; fileRef = 075C6B2F224F991E0017E79D /* ArticleViewController.swift */; };
		075C6B34224F996E0017E79D /* ArticleTableViewCell.swift in Sources */ = {isa = PBXBuildFile; fileRef = 075C6B33224F996E0017E79D /* ArticleTableViewCell.swift */; };
		078AC1202259C7D800251B0D /* CategoryCollectionViewCell.swift in Sources */ = {isa = PBXBuildFile; fileRef = 078AC11F2259C7D800251B0D /* CategoryCollectionViewCell.swift */; };
		078AC124225A1B9E00251B0D /* BaseCollectionViewCell.swift in Sources */ = {isa = PBXBuildFile; fileRef = 078AC123225A1B9E00251B0D /* BaseCollectionViewCell.swift */; };
		0792DFD122587AC900361195 /* UIHelper.swift in Sources */ = {isa = PBXBuildFile; fileRef = 0792DFD022587AC900361195 /* UIHelper.swift */; };
		079525A82258CF5600262678 /* UIStoryboard.swift in Sources */ = {isa = PBXBuildFile; fileRef = 079525A72258CF5600262678 /* UIStoryboard.swift */; };
		58F32F30480D3D8E8B0CB9A5 /* Pods_Articles.framework in Frameworks */ = {isa = PBXBuildFile; fileRef = 9FB8B0B24D8101BF6A123858 /* Pods_Articles.framework */; };
		E64BA0AC227E302100C00518 /* DataBaseAdapter.swift in Sources */ = {isa = PBXBuildFile; fileRef = E64BA0AB227E302100C00518 /* DataBaseAdapter.swift */; };
		F2A05DAA225B42FA00EA8B8F /* ArticlesManager.swift in Sources */ = {isa = PBXBuildFile; fileRef = F2A05DA4225B42FA00EA8B8F /* ArticlesManager.swift */; };
		F2A05DAB225B42FA00EA8B8F /* Helper.swift in Sources */ = {isa = PBXBuildFile; fileRef = F2A05DA6225B42FA00EA8B8F /* Helper.swift */; };
		F2A05DAC225B42FA00EA8B8F /* APIAdapter.swift in Sources */ = {isa = PBXBuildFile; fileRef = F2A05DA8225B42FA00EA8B8F /* APIAdapter.swift */; };
		F2A05DAD225B42FA00EA8B8F /* Article.swift in Sources */ = {isa = PBXBuildFile; fileRef = F2A05DA9225B42FA00EA8B8F /* Article.swift */; };
/* End PBXBuildFile section */

/* Begin PBXFileReference section */
		07089154225948610026D47C /* TitleCollectionViewCell.swift */ = {isa = PBXFileReference; lastKnownFileType = sourcecode.swift; path = TitleCollectionViewCell.swift; sourceTree = "<group>"; };
		07089156225948800026D47C /* TagCollectionViewCell.swift */ = {isa = PBXFileReference; lastKnownFileType = sourcecode.swift; path = TagCollectionViewCell.swift; sourceTree = "<group>"; };
		07089158225948A60026D47C /* ContentCollectionViewCell.swift */ = {isa = PBXFileReference; lastKnownFileType = sourcecode.swift; path = ContentCollectionViewCell.swift; sourceTree = "<group>"; };
		0708915A225948DD0026D47C /* WordCollectionViewCell.swift */ = {isa = PBXFileReference; lastKnownFileType = sourcecode.swift; path = WordCollectionViewCell.swift; sourceTree = "<group>"; };
		0708915C22596A860026D47C /* UICollectionViewLeftAlignedLayout.swift */ = {isa = PBXFileReference; lastKnownFileType = sourcecode.swift; path = UICollectionViewLeftAlignedLayout.swift; sourceTree = "<group>"; };
		075C6B14224F92C90017E79D /* Articles.app */ = {isa = PBXFileReference; explicitFileType = wrapper.application; includeInIndex = 0; path = Articles.app; sourceTree = BUILT_PRODUCTS_DIR; };
		075C6B17224F92C90017E79D /* AppDelegate.swift */ = {isa = PBXFileReference; lastKnownFileType = sourcecode.swift; path = AppDelegate.swift; sourceTree = "<group>"; };
		075C6B1C224F92C90017E79D /* Base */ = {isa = PBXFileReference; lastKnownFileType = file.storyboard; name = Base; path = Base.lproj/Main.storyboard; sourceTree = "<group>"; };
		075C6B1E224F92CB0017E79D /* Assets.xcassets */ = {isa = PBXFileReference; lastKnownFileType = folder.assetcatalog; path = Assets.xcassets; sourceTree = "<group>"; };
		075C6B21224F92CB0017E79D /* Base */ = {isa = PBXFileReference; lastKnownFileType = file.storyboard; name = Base; path = Base.lproj/LaunchScreen.storyboard; sourceTree = "<group>"; };
		075C6B23224F92CB0017E79D /* Info.plist */ = {isa = PBXFileReference; lastKnownFileType = text.plist.xml; path = Info.plist; sourceTree = "<group>"; };
		075C6B29224F93FA0017E79D /* ArticlesListViewController.swift */ = {isa = PBXFileReference; lastKnownFileType = sourcecode.swift; path = ArticlesListViewController.swift; sourceTree = "<group>"; };
		075C6B2F224F991E0017E79D /* ArticleViewController.swift */ = {isa = PBXFileReference; lastKnownFileType = sourcecode.swift; path = ArticleViewController.swift; sourceTree = "<group>"; };
		075C6B33224F996E0017E79D /* ArticleTableViewCell.swift */ = {isa = PBXFileReference; lastKnownFileType = sourcecode.swift; path = ArticleTableViewCell.swift; sourceTree = "<group>"; };
		078AC11F2259C7D800251B0D /* CategoryCollectionViewCell.swift */ = {isa = PBXFileReference; lastKnownFileType = sourcecode.swift; path = CategoryCollectionViewCell.swift; sourceTree = "<group>"; };
		078AC123225A1B9E00251B0D /* BaseCollectionViewCell.swift */ = {isa = PBXFileReference; lastKnownFileType = sourcecode.swift; path = BaseCollectionViewCell.swift; sourceTree = "<group>"; };
		0792DFD022587AC900361195 /* UIHelper.swift */ = {isa = PBXFileReference; lastKnownFileType = sourcecode.swift; path = UIHelper.swift; sourceTree = "<group>"; };
		079525A72258CF5600262678 /* UIStoryboard.swift */ = {isa = PBXFileReference; lastKnownFileType = sourcecode.swift; path = UIStoryboard.swift; sourceTree = "<group>"; };
		0D047634B11E7A32C5A68660 /* Pods-Articles.debug.xcconfig */ = {isa = PBXFileReference; includeInIndex = 1; lastKnownFileType = text.xcconfig; name = "Pods-Articles.debug.xcconfig"; path = "Target Support Files/Pods-Articles/Pods-Articles.debug.xcconfig"; sourceTree = "<group>"; };
		745BC8A3F435F981DAD5D541 /* Pods-Articles.release.xcconfig */ = {isa = PBXFileReference; includeInIndex = 1; lastKnownFileType = text.xcconfig; name = "Pods-Articles.release.xcconfig"; path = "Pods/Target Support Files/Pods-Articles/Pods-Articles.release.xcconfig"; sourceTree = "<group>"; };
		9FB8B0B24D8101BF6A123858 /* Pods_Articles.framework */ = {isa = PBXFileReference; explicitFileType = wrapper.framework; includeInIndex = 0; path = Pods_Articles.framework; sourceTree = BUILT_PRODUCTS_DIR; };
		B4964923EEBD4B8E786229C3 /* Pods-Articles.debug.xcconfig */ = {isa = PBXFileReference; includeInIndex = 1; lastKnownFileType = text.xcconfig; name = "Pods-Articles.debug.xcconfig"; path = "Pods/Target Support Files/Pods-Articles/Pods-Articles.debug.xcconfig"; sourceTree = "<group>"; };
		CA853191001EDE2753DE4497 /* Pods-Articles.release.xcconfig */ = {isa = PBXFileReference; includeInIndex = 1; lastKnownFileType = text.xcconfig; name = "Pods-Articles.release.xcconfig"; path = "Target Support Files/Pods-Articles/Pods-Articles.release.xcconfig"; sourceTree = "<group>"; };
		E64BA0AB227E302100C00518 /* DataBaseAdapter.swift */ = {isa = PBXFileReference; lastKnownFileType = sourcecode.swift; path = DataBaseAdapter.swift; sourceTree = "<group>"; };
		F2A05DA4225B42FA00EA8B8F /* ArticlesManager.swift */ = {isa = PBXFileReference; fileEncoding = 4; lastKnownFileType = sourcecode.swift; path = ArticlesManager.swift; sourceTree = "<group>"; };
		F2A05DA6225B42FA00EA8B8F /* Helper.swift */ = {isa = PBXFileReference; fileEncoding = 4; lastKnownFileType = sourcecode.swift; path = Helper.swift; sourceTree = "<group>"; };
		F2A05DA8225B42FA00EA8B8F /* APIAdapter.swift */ = {isa = PBXFileReference; fileEncoding = 4; lastKnownFileType = sourcecode.swift; path = APIAdapter.swift; sourceTree = "<group>"; };
		F2A05DA9225B42FA00EA8B8F /* Article.swift */ = {isa = PBXFileReference; fileEncoding = 4; lastKnownFileType = sourcecode.swift; path = Article.swift; sourceTree = "<group>"; };
/* End PBXFileReference section */

/* Begin PBXFrameworksBuildPhase section */
		075C6B11224F92C90017E79D /* Frameworks */ = {
			isa = PBXFrameworksBuildPhase;
			buildActionMask = 2147483647;
			files = (
				58F32F30480D3D8E8B0CB9A5 /* Pods_Articles.framework in Frameworks */,
			);
			runOnlyForDeploymentPostprocessing = 0;
		};
/* End PBXFrameworksBuildPhase section */

/* Begin PBXGroup section */
		075C6B0B224F92C90017E79D = {
			isa = PBXGroup;
			children = (
				075C6B16224F92C90017E79D /* Articles */,
				075C6B15224F92C90017E79D /* Products */,
				C2C8F83615C876B5BE53D969 /* Pods */,
				D9D5FB0482EC15F7FF5A8B96 /* Frameworks */,
			);
			sourceTree = "<group>";
		};
		075C6B15224F92C90017E79D /* Products */ = {
			isa = PBXGroup;
			children = (
				075C6B14224F92C90017E79D /* Articles.app */,
			);
			name = Products;
			sourceTree = "<group>";
		};
		075C6B16224F92C90017E79D /* Articles */ = {
			isa = PBXGroup;
			children = (
				F2A05DA2225B42FA00EA8B8F /* Data */,
				075C6B2D224F94400017E79D /* UI */,
				075C6B17224F92C90017E79D /* AppDelegate.swift */,
				075C6B1B224F92C90017E79D /* Main.storyboard */,
				075C6B1E224F92CB0017E79D /* Assets.xcassets */,
				075C6B20224F92CB0017E79D /* LaunchScreen.storyboard */,
				075C6B23224F92CB0017E79D /* Info.plist */,
			);
			path = Articles;
			sourceTree = "<group>";
		};
		075C6B2D224F94400017E79D /* UI */ = {
			isa = PBXGroup;
			children = (
				075C6B2E224F98FC0017E79D /* ViewControllers */,
				075C6B32224F99380017E79D /* Cells */,
				0792DFCF22587A9800361195 /* Utilities */,
				079525A62258CF3700262678 /* Extensions */,
			);
			path = UI;
			sourceTree = "<group>";
		};
		075C6B2E224F98FC0017E79D /* ViewControllers */ = {
			isa = PBXGroup;
			children = (
				075C6B29224F93FA0017E79D /* ArticlesListViewController.swift */,
				075C6B2F224F991E0017E79D /* ArticleViewController.swift */,
			);
			path = ViewControllers;
			sourceTree = "<group>";
		};
		075C6B32224F99380017E79D /* Cells */ = {
			isa = PBXGroup;
			children = (
				075C6B33224F996E0017E79D /* ArticleTableViewCell.swift */,
				078AC123225A1B9E00251B0D /* BaseCollectionViewCell.swift */,
				07089154225948610026D47C /* TitleCollectionViewCell.swift */,
				07089156225948800026D47C /* TagCollectionViewCell.swift */,
				07089158225948A60026D47C /* ContentCollectionViewCell.swift */,
				0708915A225948DD0026D47C /* WordCollectionViewCell.swift */,
				078AC11F2259C7D800251B0D /* CategoryCollectionViewCell.swift */,
			);
			path = Cells;
			sourceTree = "<group>";
		};
		0792DFCF22587A9800361195 /* Utilities */ = {
			isa = PBXGroup;
			children = (
				0792DFD022587AC900361195 /* UIHelper.swift */,
				0708915C22596A860026D47C /* UICollectionViewLeftAlignedLayout.swift */,
			);
			path = Utilities;
			sourceTree = "<group>";
		};
		079525A62258CF3700262678 /* Extensions */ = {
			isa = PBXGroup;
			children = (
				079525A72258CF5600262678 /* UIStoryboard.swift */,
			);
			path = Extensions;
			sourceTree = "<group>";
		};
		C2C8F83615C876B5BE53D969 /* Pods */ = {
			isa = PBXGroup;
			children = (
				0D047634B11E7A32C5A68660 /* Pods-Articles.debug.xcconfig */,
				CA853191001EDE2753DE4497 /* Pods-Articles.release.xcconfig */,
				B4964923EEBD4B8E786229C3 /* Pods-Articles.debug.xcconfig */,
				745BC8A3F435F981DAD5D541 /* Pods-Articles.release.xcconfig */,
			);
			path = Pods;
			sourceTree = "<group>";
		};
		D9D5FB0482EC15F7FF5A8B96 /* Frameworks */ = {
			isa = PBXGroup;
			children = (
				9FB8B0B24D8101BF6A123858 /* Pods_Articles.framework */,
			);
			name = Frameworks;
			sourceTree = "<group>";
		};
		F2A05DA2225B42FA00EA8B8F /* Data */ = {
			isa = PBXGroup;
			children = (
				F2A05DA3225B42FA00EA8B8F /* Managers */,
				F2A05DA7225B42FA00EA8B8F /* Model */,
				F2A05DA5225B42FA00EA8B8F /* Utilities */,
			);
			path = Data;
			sourceTree = "<group>";
		};
		F2A05DA3225B42FA00EA8B8F /* Managers */ = {
			isa = PBXGroup;
			children = (
				F2A05DA4225B42FA00EA8B8F /* ArticlesManager.swift */,
			);
			path = Managers;
			sourceTree = "<group>";
		};
		F2A05DA5225B42FA00EA8B8F /* Utilities */ = {
			isa = PBXGroup;
			children = (
				F2A05DA6225B42FA00EA8B8F /* Helper.swift */,
			);
			path = Utilities;
			sourceTree = "<group>";
		};
		F2A05DA7225B42FA00EA8B8F /* Model */ = {
			isa = PBXGroup;
			children = (
				E64BA0AB227E302100C00518 /* DataBaseAdapter.swift */,
				F2A05DA8225B42FA00EA8B8F /* APIAdapter.swift */,
				F2A05DA9225B42FA00EA8B8F /* Article.swift */,
			);
			path = Model;
			sourceTree = "<group>";
		};
/* End PBXGroup section */

/* Begin PBXNativeTarget section */
		075C6B13224F92C90017E79D /* Articles */ = {
			isa = PBXNativeTarget;
			buildConfigurationList = 075C6B26224F92CB0017E79D /* Build configuration list for PBXNativeTarget "Articles" */;
			buildPhases = (
				9E4838D0D374789B944F8783 /* [CP] Check Pods Manifest.lock */,
				075C6B10224F92C90017E79D /* Sources */,
				075C6B11224F92C90017E79D /* Frameworks */,
				075C6B12224F92C90017E79D /* Resources */,
				FB9721B0764149F5B2AAE0F6 /* [CP] Embed Pods Frameworks */,
			);
			buildRules = (
			);
			dependencies = (
			);
			name = Articles;
			productName = Articles;
			productReference = 075C6B14224F92C90017E79D /* Articles.app */;
			productType = "com.apple.product-type.application";
		};
/* End PBXNativeTarget section */

/* Begin PBXProject section */
		075C6B0C224F92C90017E79D /* Project object */ = {
			isa = PBXProject;
			attributes = {
				LastSwiftUpdateCheck = 1020;
				LastUpgradeCheck = 1020;
				ORGANIZATIONNAME = "Ruzanna Ter-Martirosyan";
				TargetAttributes = {
					075C6B13224F92C90017E79D = {
						CreatedOnToolsVersion = 10.2;
					};
				};
			};
			buildConfigurationList = 075C6B0F224F92C90017E79D /* Build configuration list for PBXProject "Articles" */;
			compatibilityVersion = "Xcode 9.3";
			developmentRegion = en;
			hasScannedForEncodings = 0;
			knownRegions = (
				en,
				Base,
			);
			mainGroup = 075C6B0B224F92C90017E79D;
			productRefGroup = 075C6B15224F92C90017E79D /* Products */;
			projectDirPath = "";
			projectRoot = "";
			targets = (
				075C6B13224F92C90017E79D /* Articles */,
			);
		};
/* End PBXProject section */

/* Begin PBXResourcesBuildPhase section */
		075C6B12224F92C90017E79D /* Resources */ = {
			isa = PBXResourcesBuildPhase;
			buildActionMask = 2147483647;
			files = (
				075C6B22224F92CB0017E79D /* LaunchScreen.storyboard in Resources */,
				075C6B1F224F92CB0017E79D /* Assets.xcassets in Resources */,
				075C6B1D224F92C90017E79D /* Main.storyboard in Resources */,
			);
			runOnlyForDeploymentPostprocessing = 0;
		};
/* End PBXResourcesBuildPhase section */

/* Begin PBXShellScriptBuildPhase section */
		9E4838D0D374789B944F8783 /* [CP] Check Pods Manifest.lock */ = {
			isa = PBXShellScriptBuildPhase;
			buildActionMask = 2147483647;
			files = (
			);
			inputPaths = (
				"${PODS_PODFILE_DIR_PATH}/Podfile.lock",
				"${PODS_ROOT}/Manifest.lock",
			);
			name = "[CP] Check Pods Manifest.lock";
			outputPaths = (
				"$(DERIVED_FILE_DIR)/Pods-Articles-checkManifestLockResult.txt",
			);
			runOnlyForDeploymentPostprocessing = 0;
			shellPath = /bin/sh;
			shellScript = "diff \"${PODS_PODFILE_DIR_PATH}/Podfile.lock\" \"${PODS_ROOT}/Manifest.lock\" > /dev/null\nif [ $? != 0 ] ; then\n    # print error to STDERR\n    echo \"error: The sandbox is not in sync with the Podfile.lock. Run 'pod install' or update your CocoaPods installation.\" >&2\n    exit 1\nfi\n# This output is used by Xcode 'outputs' to avoid re-running this script phase.\necho \"SUCCESS\" > \"${SCRIPT_OUTPUT_FILE_0}\"\n";
			showEnvVarsInLog = 0;
		};
		FB9721B0764149F5B2AAE0F6 /* [CP] Embed Pods Frameworks */ = {
			isa = PBXShellScriptBuildPhase;
			buildActionMask = 2147483647;
			files = (
			);
			inputPaths = (
				"${PODS_ROOT}/Target Support Files/Pods-Articles/Pods-Articles-frameworks.sh",
				"${BUILT_PRODUCTS_DIR}/Alamofire/Alamofire.framework",
				"${BUILT_PRODUCTS_DIR}/Kingfisher/Kingfisher.framework",
				"${BUILT_PRODUCTS_DIR}/Realm/Realm.framework",
				"${BUILT_PRODUCTS_DIR}/RealmSwift/RealmSwift.framework",
			);
			name = "[CP] Embed Pods Frameworks";
			outputPaths = (
				"${TARGET_BUILD_DIR}/${FRAMEWORKS_FOLDER_PATH}/Alamofire.framework",
				"${TARGET_BUILD_DIR}/${FRAMEWORKS_FOLDER_PATH}/Kingfisher.framework",
				"${TARGET_BUILD_DIR}/${FRAMEWORKS_FOLDER_PATH}/Realm.framework",
				"${TARGET_BUILD_DIR}/${FRAMEWORKS_FOLDER_PATH}/RealmSwift.framework",
			);
			runOnlyForDeploymentPostprocessing = 0;
			shellPath = /bin/sh;
			shellScript = "\"${PODS_ROOT}/Target Support Files/Pods-Articles/Pods-Articles-frameworks.sh\"\n";
			showEnvVarsInLog = 0;
		};
/* End PBXShellScriptBuildPhase section */

/* Begin PBXSourcesBuildPhase section */
		075C6B10224F92C90017E79D /* Sources */ = {
			isa = PBXSourcesBuildPhase;
			buildActionMask = 2147483647;
			files = (
				078AC1202259C7D800251B0D /* CategoryCollectionViewCell.swift in Sources */,
				F2A05DAC225B42FA00EA8B8F /* APIAdapter.swift in Sources */,
				F2A05DAD225B42FA00EA8B8F /* Article.swift in Sources */,
				E64BA0AC227E302100C00518 /* DataBaseAdapter.swift in Sources */,
				075C6B34224F996E0017E79D /* ArticleTableViewCell.swift in Sources */,
				F2A05DAA225B42FA00EA8B8F /* ArticlesManager.swift in Sources */,
				075C6B18224F92C90017E79D /* AppDelegate.swift in Sources */,
				0708915D22596A860026D47C /* UICollectionViewLeftAlignedLayout.swift in Sources */,
				07089159225948A60026D47C /* ContentCollectionViewCell.swift in Sources */,
				F2A05DAB225B42FA00EA8B8F /* Helper.swift in Sources */,
				075C6B30224F991E0017E79D /* ArticleViewController.swift in Sources */,
				07089155225948610026D47C /* TitleCollectionViewCell.swift in Sources */,
				078AC124225A1B9E00251B0D /* BaseCollectionViewCell.swift in Sources */,
				0708915B225948DD0026D47C /* WordCollectionViewCell.swift in Sources */,
				079525A82258CF5600262678 /* UIStoryboard.swift in Sources */,
				075C6B2A224F93FA0017E79D /* ArticlesListViewController.swift in Sources */,
				07089157225948800026D47C /* TagCollectionViewCell.swift in Sources */,
				0792DFD122587AC900361195 /* UIHelper.swift in Sources */,
			);
			runOnlyForDeploymentPostprocessing = 0;
		};
/* End PBXSourcesBuildPhase section */

/* Begin PBXVariantGroup section */
		075C6B1B224F92C90017E79D /* Main.storyboard */ = {
			isa = PBXVariantGroup;
			children = (
				075C6B1C224F92C90017E79D /* Base */,
			);
			name = Main.storyboard;
			sourceTree = "<group>";
		};
		075C6B20224F92CB0017E79D /* LaunchScreen.storyboard */ = {
			isa = PBXVariantGroup;
			children = (
				075C6B21224F92CB0017E79D /* Base */,
			);
			name = LaunchScreen.storyboard;
			sourceTree = "<group>";
		};
/* End PBXVariantGroup section */

/* Begin XCBuildConfiguration section */
		075C6B24224F92CB0017E79D /* Debug */ = {
			isa = XCBuildConfiguration;
			buildSettings = {
				ALWAYS_SEARCH_USER_PATHS = NO;
				CLANG_ANALYZER_NONNULL = YES;
				CLANG_ANALYZER_NUMBER_OBJECT_CONVERSION = YES_AGGRESSIVE;
				CLANG_CXX_LANGUAGE_STANDARD = "gnu++14";
				CLANG_CXX_LIBRARY = "libc++";
				CLANG_ENABLE_MODULES = YES;
				CLANG_ENABLE_OBJC_ARC = YES;
				CLANG_ENABLE_OBJC_WEAK = YES;
				CLANG_WARN_BLOCK_CAPTURE_AUTORELEASING = YES;
				CLANG_WARN_BOOL_CONVERSION = YES;
				CLANG_WARN_COMMA = YES;
				CLANG_WARN_CONSTANT_CONVERSION = YES;
				CLANG_WARN_DEPRECATED_OBJC_IMPLEMENTATIONS = YES;
				CLANG_WARN_DIRECT_OBJC_ISA_USAGE = YES_ERROR;
				CLANG_WARN_DOCUMENTATION_COMMENTS = YES;
				CLANG_WARN_EMPTY_BODY = YES;
				CLANG_WARN_ENUM_CONVERSION = YES;
				CLANG_WARN_INFINITE_RECURSION = YES;
				CLANG_WARN_INT_CONVERSION = YES;
				CLANG_WARN_NON_LITERAL_NULL_CONVERSION = YES;
				CLANG_WARN_OBJC_IMPLICIT_RETAIN_SELF = YES;
				CLANG_WARN_OBJC_LITERAL_CONVERSION = YES;
				CLANG_WARN_OBJC_ROOT_CLASS = YES_ERROR;
				CLANG_WARN_RANGE_LOOP_ANALYSIS = YES;
				CLANG_WARN_STRICT_PROTOTYPES = YES;
				CLANG_WARN_SUSPICIOUS_MOVE = YES;
				CLANG_WARN_UNGUARDED_AVAILABILITY = YES_AGGRESSIVE;
				CLANG_WARN_UNREACHABLE_CODE = YES;
				CLANG_WARN__DUPLICATE_METHOD_MATCH = YES;
				CODE_SIGN_IDENTITY = "iPhone Developer";
				COPY_PHASE_STRIP = NO;
				DEBUG_INFORMATION_FORMAT = dwarf;
				ENABLE_STRICT_OBJC_MSGSEND = YES;
				ENABLE_TESTABILITY = YES;
				GCC_C_LANGUAGE_STANDARD = gnu11;
				GCC_DYNAMIC_NO_PIC = NO;
				GCC_NO_COMMON_BLOCKS = YES;
				GCC_OPTIMIZATION_LEVEL = 0;
				GCC_PREPROCESSOR_DEFINITIONS = (
					"DEBUG=1",
					"$(inherited)",
				);
				GCC_WARN_64_TO_32_BIT_CONVERSION = YES;
				GCC_WARN_ABOUT_RETURN_TYPE = YES_ERROR;
				GCC_WARN_UNDECLARED_SELECTOR = YES;
				GCC_WARN_UNINITIALIZED_AUTOS = YES_AGGRESSIVE;
				GCC_WARN_UNUSED_FUNCTION = YES;
				GCC_WARN_UNUSED_VARIABLE = YES;
				IPHONEOS_DEPLOYMENT_TARGET = 12.2;
				MTL_ENABLE_DEBUG_INFO = INCLUDE_SOURCE;
				MTL_FAST_MATH = YES;
				ONLY_ACTIVE_ARCH = YES;
				SDKROOT = iphoneos;
				SWIFT_ACTIVE_COMPILATION_CONDITIONS = DEBUG;
				SWIFT_OPTIMIZATION_LEVEL = "-Onone";
			};
			name = Debug;
		};
		075C6B25224F92CB0017E79D /* Release */ = {
			isa = XCBuildConfiguration;
			buildSettings = {
				ALWAYS_SEARCH_USER_PATHS = NO;
				CLANG_ANALYZER_NONNULL = YES;
				CLANG_ANALYZER_NUMBER_OBJECT_CONVERSION = YES_AGGRESSIVE;
				CLANG_CXX_LANGUAGE_STANDARD = "gnu++14";
				CLANG_CXX_LIBRARY = "libc++";
				CLANG_ENABLE_MODULES = YES;
				CLANG_ENABLE_OBJC_ARC = YES;
				CLANG_ENABLE_OBJC_WEAK = YES;
				CLANG_WARN_BLOCK_CAPTURE_AUTORELEASING = YES;
				CLANG_WARN_BOOL_CONVERSION = YES;
				CLANG_WARN_COMMA = YES;
				CLANG_WARN_CONSTANT_CONVERSION = YES;
				CLANG_WARN_DEPRECATED_OBJC_IMPLEMENTATIONS = YES;
				CLANG_WARN_DIRECT_OBJC_ISA_USAGE = YES_ERROR;
				CLANG_WARN_DOCUMENTATION_COMMENTS = YES;
				CLANG_WARN_EMPTY_BODY = YES;
				CLANG_WARN_ENUM_CONVERSION = YES;
				CLANG_WARN_INFINITE_RECURSION = YES;
				CLANG_WARN_INT_CONVERSION = YES;
				CLANG_WARN_NON_LITERAL_NULL_CONVERSION = YES;
				CLANG_WARN_OBJC_IMPLICIT_RETAIN_SELF = YES;
				CLANG_WARN_OBJC_LITERAL_CONVERSION = YES;
				CLANG_WARN_OBJC_ROOT_CLASS = YES_ERROR;
				CLANG_WARN_RANGE_LOOP_ANALYSIS = YES;
				CLANG_WARN_STRICT_PROTOTYPES = YES;
				CLANG_WARN_SUSPICIOUS_MOVE = YES;
				CLANG_WARN_UNGUARDED_AVAILABILITY = YES_AGGRESSIVE;
				CLANG_WARN_UNREACHABLE_CODE = YES;
				CLANG_WARN__DUPLICATE_METHOD_MATCH = YES;
				CODE_SIGN_IDENTITY = "iPhone Developer";
				COPY_PHASE_STRIP = NO;
				DEBUG_INFORMATION_FORMAT = "dwarf-with-dsym";
				ENABLE_NS_ASSERTIONS = NO;
				ENABLE_STRICT_OBJC_MSGSEND = YES;
				GCC_C_LANGUAGE_STANDARD = gnu11;
				GCC_NO_COMMON_BLOCKS = YES;
				GCC_WARN_64_TO_32_BIT_CONVERSION = YES;
				GCC_WARN_ABOUT_RETURN_TYPE = YES_ERROR;
				GCC_WARN_UNDECLARED_SELECTOR = YES;
				GCC_WARN_UNINITIALIZED_AUTOS = YES_AGGRESSIVE;
				GCC_WARN_UNUSED_FUNCTION = YES;
				GCC_WARN_UNUSED_VARIABLE = YES;
				IPHONEOS_DEPLOYMENT_TARGET = 12.2;
				MTL_ENABLE_DEBUG_INFO = NO;
				MTL_FAST_MATH = YES;
				SDKROOT = iphoneos;
				SWIFT_COMPILATION_MODE = wholemodule;
				SWIFT_OPTIMIZATION_LEVEL = "-O";
				VALIDATE_PRODUCT = YES;
			};
			name = Release;
		};
		075C6B27224F92CB0017E79D /* Debug */ = {
			isa = XCBuildConfiguration;
			baseConfigurationReference = 0D047634B11E7A32C5A68660 /* Pods-Articles.debug.xcconfig */;
			buildSettings = {
				ASSETCATALOG_COMPILER_APPICON_NAME = AppIcon;
				CODE_SIGN_STYLE = Automatic;
				DEVELOPMENT_TEAM = "";
				INFOPLIST_FILE = Articles/Info.plist;
				IPHONEOS_DEPLOYMENT_TARGET = 11.0;
				LD_RUNPATH_SEARCH_PATHS = (
					"$(inherited)",
					"@executable_path/Frameworks",
				);
				PRODUCT_BUNDLE_IDENTIFIER = x.Articles.1;
				PRODUCT_NAME = "$(TARGET_NAME)";
				SWIFT_VERSION = 4.2;
				TARGETED_DEVICE_FAMILY = 1;
			};
			name = Debug;
		};
		075C6B28224F92CB0017E79D /* Release */ = {
			isa = XCBuildConfiguration;
			baseConfigurationReference = CA853191001EDE2753DE4497 /* Pods-Articles.release.xcconfig */;
			buildSettings = {
				ASSETCATALOG_COMPILER_APPICON_NAME = AppIcon;
				CODE_SIGN_STYLE = Automatic;
				DEVELOPMENT_TEAM = "";
				INFOPLIST_FILE = Articles/Info.plist;
				IPHONEOS_DEPLOYMENT_TARGET = 11.0;
				LD_RUNPATH_SEARCH_PATHS = (
					"$(inherited)",
					"@executable_path/Frameworks",
				);
				PRODUCT_BUNDLE_IDENTIFIER = x.Articles.1;
				PRODUCT_NAME = "$(TARGET_NAME)";
				SWIFT_VERSION = 4.2;
				TARGETED_DEVICE_FAMILY = 1;
			};
			name = Release;
		};
/* End XCBuildConfiguration section */

/* Begin XCConfigurationList section */
		075C6B0F224F92C90017E79D /* Build configuration list for PBXProject "Articles" */ = {
			isa = XCConfigurationList;
			buildConfigurations = (
				075C6B24224F92CB0017E79D /* Debug */,
				075C6B25224F92CB0017E79D /* Release */,
			);
			defaultConfigurationIsVisible = 0;
			defaultConfigurationName = Release;
		};
		075C6B26224F92CB0017E79D /* Build configuration list for PBXNativeTarget "Articles" */ = {
			isa = XCConfigurationList;
			buildConfigurations = (
				075C6B27224F92CB0017E79D /* Debug */,
				075C6B28224F92CB0017E79D /* Release */,
			);
			defaultConfigurationIsVisible = 0;
			defaultConfigurationName = Release;
		};
/* End XCConfigurationList section */
	};
	rootObject = 075C6B0C224F92C90017E79D /* Project object */;
}
